// !$*UTF8*$!
{
	archiveVersion = 1;
	classes = {
	};
	objectVersion = 56;
	objects = {

/* Begin PBXBuildFile section */
		0486771D2C5AE9270057CDF5 /* UserStatView.swift in Sources */ = {isa = PBXBuildFile; fileRef = 0486771C2C5AE9270057CDF5 /* UserStatView.swift */; };
		049B1C0F2C5AD8BE002BA5FA /* FeedView.swift in Sources */ = {isa = PBXBuildFile; fileRef = 049B1C0E2C5AD8BE002BA5FA /* FeedView.swift */; };
		049B1C112C5ADABF002BA5FA /* FeedCell.swift in Sources */ = {isa = PBXBuildFile; fileRef = 049B1C102C5ADABF002BA5FA /* FeedCell.swift */; };
		049B1C132C5AE09D002BA5FA /* ExploreView.swift in Sources */ = {isa = PBXBuildFile; fileRef = 049B1C122C5AE09D002BA5FA /* ExploreView.swift */; };
		049B1C152C5AE0B7002BA5FA /* UserCell.swift in Sources */ = {isa = PBXBuildFile; fileRef = 049B1C142C5AE0B7002BA5FA /* UserCell.swift */; };
		049B1C172C5AE308002BA5FA /* NotificationsView.swift in Sources */ = {isa = PBXBuildFile; fileRef = 049B1C162C5AE308002BA5FA /* NotificationsView.swift */; };
		049B1C192C5AE312002BA5FA /* NotificationCell.swift in Sources */ = {isa = PBXBuildFile; fileRef = 049B1C182C5AE312002BA5FA /* NotificationCell.swift */; };
		049B1C1D2C5AE5F8002BA5FA /* CurrentUserProfileView.swift in Sources */ = {isa = PBXBuildFile; fileRef = 049B1C1C2C5AE5F8002BA5FA /* CurrentUserProfileView.swift */; };
		049B1C1F2C5AE66F002BA5FA /* ProfileHeaderView.swift in Sources */ = {isa = PBXBuildFile; fileRef = 049B1C1E2C5AE66F002BA5FA /* ProfileHeaderView.swift */; };
		049B1C212C5AE683002BA5FA /* PostGridView.swift in Sources */ = {isa = PBXBuildFile; fileRef = 049B1C202C5AE683002BA5FA /* PostGridView.swift */; };
		04CBBE3A2C5FAB17008FD705 /* Post.swift in Sources */ = {isa = PBXBuildFile; fileRef = 04CBBE392C5FAB17008FD705 /* Post.swift */; };
		04CBBE402C5FACE4008FD705 /* FeedViewModel.swift in Sources */ = {isa = PBXBuildFile; fileRef = 04CBBE3F2C5FACE4008FD705 /* FeedViewModel.swift */; };
		04F99DB22C56E1B1005F6CBD /* TiktokApp.swift in Sources */ = {isa = PBXBuildFile; fileRef = 04F99DB12C56E1B1005F6CBD /* TiktokApp.swift */; };
		04F99DB42C56E1B1005F6CBD /* ContentView.swift in Sources */ = {isa = PBXBuildFile; fileRef = 04F99DB32C56E1B1005F6CBD /* ContentView.swift */; };
		04F99DB62C56E1B2005F6CBD /* Assets.xcassets in Resources */ = {isa = PBXBuildFile; fileRef = 04F99DB52C56E1B2005F6CBD /* Assets.xcassets */; };
		04F99DB92C56E1B2005F6CBD /* Preview Assets.xcassets in Resources */ = {isa = PBXBuildFile; fileRef = 04F99DB82C56E1B2005F6CBD /* Preview Assets.xcassets */; };
		04F99DC32C56E1B2005F6CBD /* TiktokTests.swift in Sources */ = {isa = PBXBuildFile; fileRef = 04F99DC22C56E1B2005F6CBD /* TiktokTests.swift */; };
		04F99DCD2C56E1B2005F6CBD /* TiktokUITests.swift in Sources */ = {isa = PBXBuildFile; fileRef = 04F99DCC2C56E1B2005F6CBD /* TiktokUITests.swift */; };
		04F99DCF2C56E1B2005F6CBD /* TiktokUITestsLaunchTests.swift in Sources */ = {isa = PBXBuildFile; fileRef = 04F99DCE2C56E1B2005F6CBD /* TiktokUITestsLaunchTests.swift */; };
		04F99DEF2C56EBC0005F6CBD /* MainTabView.swift in Sources */ = {isa = PBXBuildFile; fileRef = 04F99DEE2C56EBC0005F6CBD /* MainTabView.swift */; };
/* End PBXBuildFile section */

/* Begin PBXContainerItemProxy section */
		04F99DBF2C56E1B2005F6CBD /* PBXContainerItemProxy */ = {
			isa = PBXContainerItemProxy;
			containerPortal = 04F99DA62C56E1B1005F6CBD /* Project object */;
			proxyType = 1;
			remoteGlobalIDString = 04F99DAD2C56E1B1005F6CBD;
			remoteInfo = Tiktok;
		};
		04F99DC92C56E1B2005F6CBD /* PBXContainerItemProxy */ = {
			isa = PBXContainerItemProxy;
			containerPortal = 04F99DA62C56E1B1005F6CBD /* Project object */;
			proxyType = 1;
			remoteGlobalIDString = 04F99DAD2C56E1B1005F6CBD;
			remoteInfo = Tiktok;
		};
/* End PBXContainerItemProxy section */

/* Begin PBXFileReference section */
		0486771C2C5AE9270057CDF5 /* UserStatView.swift */ = {isa = PBXFileReference; lastKnownFileType = sourcecode.swift; path = UserStatView.swift; sourceTree = "<group>"; };
		049B1C0E2C5AD8BE002BA5FA /* FeedView.swift */ = {isa = PBXFileReference; lastKnownFileType = sourcecode.swift; path = FeedView.swift; sourceTree = "<group>"; };
		049B1C102C5ADABF002BA5FA /* FeedCell.swift */ = {isa = PBXFileReference; lastKnownFileType = sourcecode.swift; path = FeedCell.swift; sourceTree = "<group>"; };
		049B1C122C5AE09D002BA5FA /* ExploreView.swift */ = {isa = PBXFileReference; lastKnownFileType = sourcecode.swift; path = ExploreView.swift; sourceTree = "<group>"; };
		049B1C142C5AE0B7002BA5FA /* UserCell.swift */ = {isa = PBXFileReference; lastKnownFileType = sourcecode.swift; path = UserCell.swift; sourceTree = "<group>"; };
		049B1C162C5AE308002BA5FA /* NotificationsView.swift */ = {isa = PBXFileReference; lastKnownFileType = sourcecode.swift; path = NotificationsView.swift; sourceTree = "<group>"; };
		049B1C182C5AE312002BA5FA /* NotificationCell.swift */ = {isa = PBXFileReference; lastKnownFileType = sourcecode.swift; path = NotificationCell.swift; sourceTree = "<group>"; };
		049B1C1C2C5AE5F8002BA5FA /* CurrentUserProfileView.swift */ = {isa = PBXFileReference; lastKnownFileType = sourcecode.swift; path = CurrentUserProfileView.swift; sourceTree = "<group>"; };
		049B1C1E2C5AE66F002BA5FA /* ProfileHeaderView.swift */ = {isa = PBXFileReference; lastKnownFileType = sourcecode.swift; path = ProfileHeaderView.swift; sourceTree = "<group>"; };
		049B1C202C5AE683002BA5FA /* PostGridView.swift */ = {isa = PBXFileReference; lastKnownFileType = sourcecode.swift; path = PostGridView.swift; sourceTree = "<group>"; };
		04CBBE392C5FAB17008FD705 /* Post.swift */ = {isa = PBXFileReference; lastKnownFileType = sourcecode.swift; path = Post.swift; sourceTree = "<group>"; };
		04CBBE3F2C5FACE4008FD705 /* FeedViewModel.swift */ = {isa = PBXFileReference; lastKnownFileType = sourcecode.swift; path = FeedViewModel.swift; sourceTree = "<group>"; };
		04F99DAE2C56E1B1005F6CBD /* Tiktok.app */ = {isa = PBXFileReference; explicitFileType = wrapper.application; includeInIndex = 0; path = Tiktok.app; sourceTree = BUILT_PRODUCTS_DIR; };
		04F99DB12C56E1B1005F6CBD /* TiktokApp.swift */ = {isa = PBXFileReference; lastKnownFileType = sourcecode.swift; path = TiktokApp.swift; sourceTree = "<group>"; };
		04F99DB32C56E1B1005F6CBD /* ContentView.swift */ = {isa = PBXFileReference; lastKnownFileType = sourcecode.swift; path = ContentView.swift; sourceTree = "<group>"; };
		04F99DB52C56E1B2005F6CBD /* Assets.xcassets */ = {isa = PBXFileReference; lastKnownFileType = folder.assetcatalog; path = Assets.xcassets; sourceTree = "<group>"; };
		04F99DB82C56E1B2005F6CBD /* Preview Assets.xcassets */ = {isa = PBXFileReference; lastKnownFileType = folder.assetcatalog; path = "Preview Assets.xcassets"; sourceTree = "<group>"; };
		04F99DBE2C56E1B2005F6CBD /* TiktokTests.xctest */ = {isa = PBXFileReference; explicitFileType = wrapper.cfbundle; includeInIndex = 0; path = TiktokTests.xctest; sourceTree = BUILT_PRODUCTS_DIR; };
		04F99DC22C56E1B2005F6CBD /* TiktokTests.swift */ = {isa = PBXFileReference; lastKnownFileType = sourcecode.swift; path = TiktokTests.swift; sourceTree = "<group>"; };
		04F99DC82C56E1B2005F6CBD /* TiktokUITests.xctest */ = {isa = PBXFileReference; explicitFileType = wrapper.cfbundle; includeInIndex = 0; path = TiktokUITests.xctest; sourceTree = BUILT_PRODUCTS_DIR; };
		04F99DCC2C56E1B2005F6CBD /* TiktokUITests.swift */ = {isa = PBXFileReference; lastKnownFileType = sourcecode.swift; path = TiktokUITests.swift; sourceTree = "<group>"; };
		04F99DCE2C56E1B2005F6CBD /* TiktokUITestsLaunchTests.swift */ = {isa = PBXFileReference; lastKnownFileType = sourcecode.swift; path = TiktokUITestsLaunchTests.swift; sourceTree = "<group>"; };
		04F99DEE2C56EBC0005F6CBD /* MainTabView.swift */ = {isa = PBXFileReference; lastKnownFileType = sourcecode.swift; path = MainTabView.swift; sourceTree = "<group>"; };
/* End PBXFileReference section */

/* Begin PBXFrameworksBuildPhase section */
		04F99DAB2C56E1B1005F6CBD /* Frameworks */ = {
			isa = PBXFrameworksBuildPhase;
			buildActionMask = 2147483647;
			files = (
			);
			runOnlyForDeploymentPostprocessing = 0;
		};
		04F99DBB2C56E1B2005F6CBD /* Frameworks */ = {
			isa = PBXFrameworksBuildPhase;
			buildActionMask = 2147483647;
			files = (
			);
			runOnlyForDeploymentPostprocessing = 0;
		};
		04F99DC52C56E1B2005F6CBD /* Frameworks */ = {
			isa = PBXFrameworksBuildPhase;
			buildActionMask = 2147483647;
			files = (
			);
			runOnlyForDeploymentPostprocessing = 0;
		};
/* End PBXFrameworksBuildPhase section */

/* Begin PBXGroup section */
		0486771E2C5AEB6C0057CDF5 /* View */ = {
			isa = PBXGroup;
			children = (
				049B1C1C2C5AE5F8002BA5FA /* CurrentUserProfileView.swift */,
			);
			path = View;
			sourceTree = "<group>";
		};
		049B1C222C5AE8D0002BA5FA /* Components */ = {
			isa = PBXGroup;
			children = (
				049B1C202C5AE683002BA5FA /* PostGridView.swift */,
				049B1C1E2C5AE66F002BA5FA /* ProfileHeaderView.swift */,
				0486771C2C5AE9270057CDF5 /* UserStatView.swift */,
			);
			path = Components;
			sourceTree = "<group>";
		};
		04CBBE3B2C5FACA0008FD705 /* Service */ = {
			isa = PBXGroup;
			children = (
			);
			path = Service;
			sourceTree = "<group>";
		};
		04CBBE3C2C5FACB2008FD705 /* View */ = {
			isa = PBXGroup;
			children = (
				049B1C0E2C5AD8BE002BA5FA /* FeedView.swift */,
				049B1C102C5ADABF002BA5FA /* FeedCell.swift */,
			);
			path = View;
			sourceTree = "<group>";
		};
		04CBBE3D2C5FACBC008FD705 /* ViewModel */ = {
			isa = PBXGroup;
			children = (
				04CBBE3F2C5FACE4008FD705 /* FeedViewModel.swift */,
			);
			path = ViewModel;
			sourceTree = "<group>";
		};
		04F99DA52C56E1B1005F6CBD = {
			isa = PBXGroup;
			children = (
				04F99DB02C56E1B1005F6CBD /* Tiktok */,
				04F99DC12C56E1B2005F6CBD /* TiktokTests */,
				04F99DCB2C56E1B2005F6CBD /* TiktokUITests */,
				04F99DAF2C56E1B1005F6CBD /* Products */,
			);
			sourceTree = "<group>";
		};
		04F99DAF2C56E1B1005F6CBD /* Products */ = {
			isa = PBXGroup;
			children = (
				04F99DAE2C56E1B1005F6CBD /* Tiktok.app */,
				04F99DBE2C56E1B2005F6CBD /* TiktokTests.xctest */,
				04F99DC82C56E1B2005F6CBD /* TiktokUITests.xctest */,
			);
			name = Products;
			sourceTree = "<group>";
		};
		04F99DB02C56E1B1005F6CBD /* Tiktok */ = {
			isa = PBXGroup;
			children = (
				04F99DE12C56E939005F6CBD /* App */,
				04F99DE02C56E937005F6CBD /* Core */,
				04F99DDF2C56E935005F6CBD /* Extensions */,
				04F99DDE2C56E933005F6CBD /* Models */,
				04F99DDD2C56E925005F6CBD /* Services */,
				04F99DDC2C56E922005F6CBD /* Utils */,
				04F99DB52C56E1B2005F6CBD /* Assets.xcassets */,
				04F99DB72C56E1B2005F6CBD /* Preview Content */,
			);
			path = Tiktok;
			sourceTree = "<group>";
		};
		04F99DB72C56E1B2005F6CBD /* Preview Content */ = {
			isa = PBXGroup;
			children = (
				04F99DB82C56E1B2005F6CBD /* Preview Assets.xcassets */,
			);
			path = "Preview Content";
			sourceTree = "<group>";
		};
		04F99DC12C56E1B2005F6CBD /* TiktokTests */ = {
			isa = PBXGroup;
			children = (
				04F99DC22C56E1B2005F6CBD /* TiktokTests.swift */,
			);
			path = TiktokTests;
			sourceTree = "<group>";
		};
		04F99DCB2C56E1B2005F6CBD /* TiktokUITests */ = {
			isa = PBXGroup;
			children = (
				04F99DCC2C56E1B2005F6CBD /* TiktokUITests.swift */,
				04F99DCE2C56E1B2005F6CBD /* TiktokUITestsLaunchTests.swift */,
			);
			path = TiktokUITests;
			sourceTree = "<group>";
		};
		04F99DDC2C56E922005F6CBD /* Utils */ = {
			isa = PBXGroup;
			children = (
			);
			path = Utils;
			sourceTree = "<group>";
		};
		04F99DDD2C56E925005F6CBD /* Services */ = {
			isa = PBXGroup;
			children = (
			);
			path = Services;
			sourceTree = "<group>";
		};
		04F99DDE2C56E933005F6CBD /* Models */ = {
			isa = PBXGroup;
			children = (
				04CBBE392C5FAB17008FD705 /* Post.swift */,
			);
			path = Models;
			sourceTree = "<group>";
		};
		04F99DDF2C56E935005F6CBD /* Extensions */ = {
			isa = PBXGroup;
			children = (
			);
			path = Extensions;
			sourceTree = "<group>";
		};
		04F99DE02C56E937005F6CBD /* Core */ = {
			isa = PBXGroup;
			children = (
				04F99DED2C56E9EE005F6CBD /* Authentication */,
				04F99DEC2C56E9ED005F6CBD /* Comments */,
				04F99DEB2C56E9EC005F6CBD /* Components */,
				04F99DEA2C56E9EB005F6CBD /* Feed */,
				04F99DE92C56E9EA005F6CBD /* Notifications */,
				04F99DE82C56E9E9005F6CBD /* Root */,
				04F99DE62C56E9E7005F6CBD /* Profile */,
				04F99DE52C56E9E5005F6CBD /* Search */,
				04F99DE42C56E9E4005F6CBD /* TabBar */,
				04F99DE22C56E9DE005F6CBD /* UploadMedia */,
			);
			path = Core;
			sourceTree = "<group>";
		};
		04F99DE12C56E939005F6CBD /* App */ = {
			isa = PBXGroup;
			children = (
				04F99DB12C56E1B1005F6CBD /* TiktokApp.swift */,
			);
			path = App;
			sourceTree = "<group>";
		};
		04F99DE22C56E9DE005F6CBD /* UploadMedia */ = {
			isa = PBXGroup;
			children = (
			);
			path = UploadMedia;
			sourceTree = "<group>";
		};
		04F99DE42C56E9E4005F6CBD /* TabBar */ = {
			isa = PBXGroup;
			children = (
				04F99DEE2C56EBC0005F6CBD /* MainTabView.swift */,
			);
			path = TabBar;
			sourceTree = "<group>";
		};
		04F99DE52C56E9E5005F6CBD /* Search */ = {
			isa = PBXGroup;
			children = (
				049B1C122C5AE09D002BA5FA /* ExploreView.swift */,
				049B1C142C5AE0B7002BA5FA /* UserCell.swift */,
			);
			path = Search;
			sourceTree = "<group>";
		};
		04F99DE62C56E9E7005F6CBD /* Profile */ = {
			isa = PBXGroup;
			children = (
				0486771E2C5AEB6C0057CDF5 /* View */,
				049B1C222C5AE8D0002BA5FA /* Components */,
			);
			path = Profile;
			sourceTree = "<group>";
		};
		04F99DE82C56E9E9005F6CBD /* Root */ = {
			isa = PBXGroup;
			children = (
				04F99DB32C56E1B1005F6CBD /* ContentView.swift */,
			);
			path = Root;
			sourceTree = "<group>";
		};
		04F99DE92C56E9EA005F6CBD /* Notifications */ = {
			isa = PBXGroup;
			children = (
				049B1C162C5AE308002BA5FA /* NotificationsView.swift */,
				049B1C182C5AE312002BA5FA /* NotificationCell.swift */,
			);
			path = Notifications;
			sourceTree = "<group>";
		};
		04F99DEA2C56E9EB005F6CBD /* Feed */ = {
			isa = PBXGroup;
			children = (
				04CBBE3D2C5FACBC008FD705 /* ViewModel */,
				04CBBE3C2C5FACB2008FD705 /* View */,
				04CBBE3B2C5FACA0008FD705 /* Service */,
			);
			path = Feed;
			sourceTree = "<group>";
		};
		04F99DEB2C56E9EC005F6CBD /* Components */ = {
			isa = PBXGroup;
			children = (
			);
			path = Components;
			sourceTree = "<group>";
		};
		04F99DEC2C56E9ED005F6CBD /* Comments */ = {
			isa = PBXGroup;
			children = (
			);
			path = Comments;
			sourceTree = "<group>";
		};
		04F99DED2C56E9EE005F6CBD /* Authentication */ = {
			isa = PBXGroup;
			children = (
			);
			path = Authentication;
			sourceTree = "<group>";
		};
/* End PBXGroup section */

/* Begin PBXNativeTarget section */
		04F99DAD2C56E1B1005F6CBD /* Tiktok */ = {
			isa = PBXNativeTarget;
			buildConfigurationList = 04F99DD22C56E1B2005F6CBD /* Build configuration list for PBXNativeTarget "Tiktok" */;
			buildPhases = (
				04F99DAA2C56E1B1005F6CBD /* Sources */,
				04F99DAB2C56E1B1005F6CBD /* Frameworks */,
				04F99DAC2C56E1B1005F6CBD /* Resources */,
			);
			buildRules = (
			);
			dependencies = (
			);
			name = Tiktok;
			productName = Tiktok;
			productReference = 04F99DAE2C56E1B1005F6CBD /* Tiktok.app */;
			productType = "com.apple.product-type.application";
		};
		04F99DBD2C56E1B2005F6CBD /* TiktokTests */ = {
			isa = PBXNativeTarget;
			buildConfigurationList = 04F99DD52C56E1B2005F6CBD /* Build configuration list for PBXNativeTarget "TiktokTests" */;
			buildPhases = (
				04F99DBA2C56E1B2005F6CBD /* Sources */,
				04F99DBB2C56E1B2005F6CBD /* Frameworks */,
				04F99DBC2C56E1B2005F6CBD /* Resources */,
			);
			buildRules = (
			);
			dependencies = (
				04F99DC02C56E1B2005F6CBD /* PBXTargetDependency */,
			);
			name = TiktokTests;
			productName = TiktokTests;
			productReference = 04F99DBE2C56E1B2005F6CBD /* TiktokTests.xctest */;
			productType = "com.apple.product-type.bundle.unit-test";
		};
		04F99DC72C56E1B2005F6CBD /* TiktokUITests */ = {
			isa = PBXNativeTarget;
			buildConfigurationList = 04F99DD82C56E1B2005F6CBD /* Build configuration list for PBXNativeTarget "TiktokUITests" */;
			buildPhases = (
				04F99DC42C56E1B2005F6CBD /* Sources */,
				04F99DC52C56E1B2005F6CBD /* Frameworks */,
				04F99DC62C56E1B2005F6CBD /* Resources */,
			);
			buildRules = (
			);
			dependencies = (
				04F99DCA2C56E1B2005F6CBD /* PBXTargetDependency */,
			);
			name = TiktokUITests;
			productName = TiktokUITests;
			productReference = 04F99DC82C56E1B2005F6CBD /* TiktokUITests.xctest */;
			productType = "com.apple.product-type.bundle.ui-testing";
		};
/* End PBXNativeTarget section */

/* Begin PBXProject section */
		04F99DA62C56E1B1005F6CBD /* Project object */ = {
			isa = PBXProject;
			attributes = {
				BuildIndependentTargetsInParallel = 1;
				LastSwiftUpdateCheck = 1540;
				LastUpgradeCheck = 1540;
				TargetAttributes = {
					04F99DAD2C56E1B1005F6CBD = {
						CreatedOnToolsVersion = 15.4;
					};
					04F99DBD2C56E1B2005F6CBD = {
						CreatedOnToolsVersion = 15.4;
						TestTargetID = 04F99DAD2C56E1B1005F6CBD;
					};
					04F99DC72C56E1B2005F6CBD = {
						CreatedOnToolsVersion = 15.4;
						TestTargetID = 04F99DAD2C56E1B1005F6CBD;
					};
				};
			};
			buildConfigurationList = 04F99DA92C56E1B1005F6CBD /* Build configuration list for PBXProject "Tiktok" */;
			compatibilityVersion = "Xcode 14.0";
			developmentRegion = en;
			hasScannedForEncodings = 0;
			knownRegions = (
				en,
				Base,
			);
			mainGroup = 04F99DA52C56E1B1005F6CBD;
			productRefGroup = 04F99DAF2C56E1B1005F6CBD /* Products */;
			projectDirPath = "";
			projectRoot = "";
			targets = (
				04F99DAD2C56E1B1005F6CBD /* Tiktok */,
				04F99DBD2C56E1B2005F6CBD /* TiktokTests */,
				04F99DC72C56E1B2005F6CBD /* TiktokUITests */,
			);
		};
/* End PBXProject section */

/* Begin PBXResourcesBuildPhase section */
		04F99DAC2C56E1B1005F6CBD /* Resources */ = {
			isa = PBXResourcesBuildPhase;
			buildActionMask = 2147483647;
			files = (
				04F99DB92C56E1B2005F6CBD /* Preview Assets.xcassets in Resources */,
				04F99DB62C56E1B2005F6CBD /* Assets.xcassets in Resources */,
			);
			runOnlyForDeploymentPostprocessing = 0;
		};
		04F99DBC2C56E1B2005F6CBD /* Resources */ = {
			isa = PBXResourcesBuildPhase;
			buildActionMask = 2147483647;
			files = (
			);
			runOnlyForDeploymentPostprocessing = 0;
		};
		04F99DC62C56E1B2005F6CBD /* Resources */ = {
			isa = PBXResourcesBuildPhase;
			buildActionMask = 2147483647;
			files = (
			);
			runOnlyForDeploymentPostprocessing = 0;
		};
/* End PBXResourcesBuildPhase section */

/* Begin PBXSourcesBuildPhase section */
		04F99DAA2C56E1B1005F6CBD /* Sources */ = {
			isa = PBXSourcesBuildPhase;
			buildActionMask = 2147483647;
			files = (
				049B1C1D2C5AE5F8002BA5FA /* CurrentUserProfileView.swift in Sources */,
				049B1C0F2C5AD8BE002BA5FA /* FeedView.swift in Sources */,
				049B1C192C5AE312002BA5FA /* NotificationCell.swift in Sources */,
				0486771D2C5AE9270057CDF5 /* UserStatView.swift in Sources */,
				049B1C112C5ADABF002BA5FA /* FeedCell.swift in Sources */,
				04CBBE402C5FACE4008FD705 /* FeedViewModel.swift in Sources */,
				04CBBE3A2C5FAB17008FD705 /* Post.swift in Sources */,
				04F99DB42C56E1B1005F6CBD /* ContentView.swift in Sources */,
				04F99DB22C56E1B1005F6CBD /* TiktokApp.swift in Sources */,
				049B1C1F2C5AE66F002BA5FA /* ProfileHeaderView.swift in Sources */,
				049B1C132C5AE09D002BA5FA /* ExploreView.swift in Sources */,
				049B1C212C5AE683002BA5FA /* PostGridView.swift in Sources */,
				04F99DEF2C56EBC0005F6CBD /* MainTabView.swift in Sources */,
				049B1C152C5AE0B7002BA5FA /* UserCell.swift in Sources */,
				049B1C172C5AE308002BA5FA /* NotificationsView.swift in Sources */,
			);
			runOnlyForDeploymentPostprocessing = 0;
		};
		04F99DBA2C56E1B2005F6CBD /* Sources */ = {
			isa = PBXSourcesBuildPhase;
			buildActionMask = 2147483647;
			files = (
				04F99DC32C56E1B2005F6CBD /* TiktokTests.swift in Sources */,
			);
			runOnlyForDeploymentPostprocessing = 0;
		};
		04F99DC42C56E1B2005F6CBD /* Sources */ = {
			isa = PBXSourcesBuildPhase;
			buildActionMask = 2147483647;
			files = (
				04F99DCF2C56E1B2005F6CBD /* TiktokUITestsLaunchTests.swift in Sources */,
				04F99DCD2C56E1B2005F6CBD /* TiktokUITests.swift in Sources */,
			);
			runOnlyForDeploymentPostprocessing = 0;
		};
/* End PBXSourcesBuildPhase section */

/* Begin PBXTargetDependency section */
		04F99DC02C56E1B2005F6CBD /* PBXTargetDependency */ = {
			isa = PBXTargetDependency;
			target = 04F99DAD2C56E1B1005F6CBD /* Tiktok */;
			targetProxy = 04F99DBF2C56E1B2005F6CBD /* PBXContainerItemProxy */;
		};
		04F99DCA2C56E1B2005F6CBD /* PBXTargetDependency */ = {
			isa = PBXTargetDependency;
			target = 04F99DAD2C56E1B1005F6CBD /* Tiktok */;
			targetProxy = 04F99DC92C56E1B2005F6CBD /* PBXContainerItemProxy */;
		};
/* End PBXTargetDependency section */

/* Begin XCBuildConfiguration section */
		04F99DD02C56E1B2005F6CBD /* Debug */ = {
			isa = XCBuildConfiguration;
			buildSettings = {
				ALWAYS_SEARCH_USER_PATHS = NO;
				ASSETCATALOG_COMPILER_GENERATE_SWIFT_ASSET_SYMBOL_EXTENSIONS = YES;
				CLANG_ANALYZER_NONNULL = YES;
				CLANG_ANALYZER_NUMBER_OBJECT_CONVERSION = YES_AGGRESSIVE;
				CLANG_CXX_LANGUAGE_STANDARD = "gnu++20";
				CLANG_ENABLE_MODULES = YES;
				CLANG_ENABLE_OBJC_ARC = YES;
				CLANG_ENABLE_OBJC_WEAK = YES;
				CLANG_WARN_BLOCK_CAPTURE_AUTORELEASING = YES;
				CLANG_WARN_BOOL_CONVERSION = YES;
				CLANG_WARN_COMMA = YES;
				CLANG_WARN_CONSTANT_CONVERSION = YES;
				CLANG_WARN_DEPRECATED_OBJC_IMPLEMENTATIONS = YES;
				CLANG_WARN_DIRECT_OBJC_ISA_USAGE = YES_ERROR;
				CLANG_WARN_DOCUMENTATION_COMMENTS = YES;
				CLANG_WARN_EMPTY_BODY = YES;
				CLANG_WARN_ENUM_CONVERSION = YES;
				CLANG_WARN_INFINITE_RECURSION = YES;
				CLANG_WARN_INT_CONVERSION = YES;
				CLANG_WARN_NON_LITERAL_NULL_CONVERSION = YES;
				CLANG_WARN_OBJC_IMPLICIT_RETAIN_SELF = YES;
				CLANG_WARN_OBJC_LITERAL_CONVERSION = YES;
				CLANG_WARN_OBJC_ROOT_CLASS = YES_ERROR;
				CLANG_WARN_QUOTED_INCLUDE_IN_FRAMEWORK_HEADER = YES;
				CLANG_WARN_RANGE_LOOP_ANALYSIS = YES;
				CLANG_WARN_STRICT_PROTOTYPES = YES;
				CLANG_WARN_SUSPICIOUS_MOVE = YES;
				CLANG_WARN_UNGUARDED_AVAILABILITY = YES_AGGRESSIVE;
				CLANG_WARN_UNREACHABLE_CODE = YES;
				CLANG_WARN__DUPLICATE_METHOD_MATCH = YES;
				COPY_PHASE_STRIP = NO;
				DEBUG_INFORMATION_FORMAT = dwarf;
				ENABLE_STRICT_OBJC_MSGSEND = YES;
				ENABLE_TESTABILITY = YES;
				ENABLE_USER_SCRIPT_SANDBOXING = YES;
				GCC_C_LANGUAGE_STANDARD = gnu17;
				GCC_DYNAMIC_NO_PIC = NO;
				GCC_NO_COMMON_BLOCKS = YES;
				GCC_OPTIMIZATION_LEVEL = 0;
				GCC_PREPROCESSOR_DEFINITIONS = (
					"DEBUG=1",
					"$(inherited)",
				);
				GCC_WARN_64_TO_32_BIT_CONVERSION = YES;
				GCC_WARN_ABOUT_RETURN_TYPE = YES_ERROR;
				GCC_WARN_UNDECLARED_SELECTOR = YES;
				GCC_WARN_UNINITIALIZED_AUTOS = YES_AGGRESSIVE;
				GCC_WARN_UNUSED_FUNCTION = YES;
				GCC_WARN_UNUSED_VARIABLE = YES;
				IPHONEOS_DEPLOYMENT_TARGET = 17.5;
				LOCALIZATION_PREFERS_STRING_CATALOGS = YES;
				MTL_ENABLE_DEBUG_INFO = INCLUDE_SOURCE;
				MTL_FAST_MATH = YES;
				ONLY_ACTIVE_ARCH = YES;
				SDKROOT = iphoneos;
				SWIFT_ACTIVE_COMPILATION_CONDITIONS = "DEBUG $(inherited)";
				SWIFT_OPTIMIZATION_LEVEL = "-Onone";
			};
			name = Debug;
		};
		04F99DD12C56E1B2005F6CBD /* Release */ = {
			isa = XCBuildConfiguration;
			buildSettings = {
				ALWAYS_SEARCH_USER_PATHS = NO;
				ASSETCATALOG_COMPILER_GENERATE_SWIFT_ASSET_SYMBOL_EXTENSIONS = YES;
				CLANG_ANALYZER_NONNULL = YES;
				CLANG_ANALYZER_NUMBER_OBJECT_CONVERSION = YES_AGGRESSIVE;
				CLANG_CXX_LANGUAGE_STANDARD = "gnu++20";
				CLANG_ENABLE_MODULES = YES;
				CLANG_ENABLE_OBJC_ARC = YES;
				CLANG_ENABLE_OBJC_WEAK = YES;
				CLANG_WARN_BLOCK_CAPTURE_AUTORELEASING = YES;
				CLANG_WARN_BOOL_CONVERSION = YES;
				CLANG_WARN_COMMA = YES;
				CLANG_WARN_CONSTANT_CONVERSION = YES;
				CLANG_WARN_DEPRECATED_OBJC_IMPLEMENTATIONS = YES;
				CLANG_WARN_DIRECT_OBJC_ISA_USAGE = YES_ERROR;
				CLANG_WARN_DOCUMENTATION_COMMENTS = YES;
				CLANG_WARN_EMPTY_BODY = YES;
				CLANG_WARN_ENUM_CONVERSION = YES;
				CLANG_WARN_INFINITE_RECURSION = YES;
				CLANG_WARN_INT_CONVERSION = YES;
				CLANG_WARN_NON_LITERAL_NULL_CONVERSION = YES;
				CLANG_WARN_OBJC_IMPLICIT_RETAIN_SELF = YES;
				CLANG_WARN_OBJC_LITERAL_CONVERSION = YES;
				CLANG_WARN_OBJC_ROOT_CLASS = YES_ERROR;
				CLANG_WARN_QUOTED_INCLUDE_IN_FRAMEWORK_HEADER = YES;
				CLANG_WARN_RANGE_LOOP_ANALYSIS = YES;
				CLANG_WARN_STRICT_PROTOTYPES = YES;
				CLANG_WARN_SUSPICIOUS_MOVE = YES;
				CLANG_WARN_UNGUARDED_AVAILABILITY = YES_AGGRESSIVE;
				CLANG_WARN_UNREACHABLE_CODE = YES;
				CLANG_WARN__DUPLICATE_METHOD_MATCH = YES;
				COPY_PHASE_STRIP = NO;
				DEBUG_INFORMATION_FORMAT = "dwarf-with-dsym";
				ENABLE_NS_ASSERTIONS = NO;
				ENABLE_STRICT_OBJC_MSGSEND = YES;
				ENABLE_USER_SCRIPT_SANDBOXING = YES;
				GCC_C_LANGUAGE_STANDARD = gnu17;
				GCC_NO_COMMON_BLOCKS = YES;
				GCC_WARN_64_TO_32_BIT_CONVERSION = YES;
				GCC_WARN_ABOUT_RETURN_TYPE = YES_ERROR;
				GCC_WARN_UNDECLARED_SELECTOR = YES;
				GCC_WARN_UNINITIALIZED_AUTOS = YES_AGGRESSIVE;
				GCC_WARN_UNUSED_FUNCTION = YES;
				GCC_WARN_UNUSED_VARIABLE = YES;
				IPHONEOS_DEPLOYMENT_TARGET = 17.5;
				LOCALIZATION_PREFERS_STRING_CATALOGS = YES;
				MTL_ENABLE_DEBUG_INFO = NO;
				MTL_FAST_MATH = YES;
				SDKROOT = iphoneos;
				SWIFT_COMPILATION_MODE = wholemodule;
				VALIDATE_PRODUCT = YES;
			};
			name = Release;
		};
		04F99DD32C56E1B2005F6CBD /* Debug */ = {
			isa = XCBuildConfiguration;
			buildSettings = {
				ASSETCATALOG_COMPILER_APPICON_NAME = AppIcon;
				ASSETCATALOG_COMPILER_GLOBAL_ACCENT_COLOR_NAME = AccentColor;
				CODE_SIGN_STYLE = Automatic;
				CURRENT_PROJECT_VERSION = 1;
				DEVELOPMENT_ASSET_PATHS = "\"Tiktok/Preview Content\"";
				ENABLE_PREVIEWS = YES;
				GENERATE_INFOPLIST_FILE = YES;
				INFOPLIST_KEY_UIApplicationSceneManifest_Generation = YES;
				INFOPLIST_KEY_UIApplicationSupportsIndirectInputEvents = YES;
				INFOPLIST_KEY_UILaunchScreen_Generation = YES;
				INFOPLIST_KEY_UISupportedInterfaceOrientations_iPad = "UIInterfaceOrientationPortrait UIInterfaceOrientationPortraitUpsideDown UIInterfaceOrientationLandscapeLeft UIInterfaceOrientationLandscapeRight";
				INFOPLIST_KEY_UISupportedInterfaceOrientations_iPhone = "UIInterfaceOrientationPortrait UIInterfaceOrientationLandscapeLeft UIInterfaceOrientationLandscapeRight";
				LD_RUNPATH_SEARCH_PATHS = (
					"$(inherited)",
					"@executable_path/Frameworks",
				);
				MARKETING_VERSION = 1.0;
				PRODUCT_BUNDLE_IDENTIFIER = com.yusufbgirgin.Tiktok;
				PRODUCT_NAME = "$(TARGET_NAME)";
				SWIFT_EMIT_LOC_STRINGS = YES;
				SWIFT_VERSION = 5.0;
				TARGETED_DEVICE_FAMILY = "1,2";
			};
			name = Debug;
		};
		04F99DD42C56E1B2005F6CBD /* Release */ = {
			isa = XCBuildConfiguration;
			buildSettings = {
				ASSETCATALOG_COMPILER_APPICON_NAME = AppIcon;
				ASSETCATALOG_COMPILER_GLOBAL_ACCENT_COLOR_NAME = AccentColor;
				CODE_SIGN_STYLE = Automatic;
				CURRENT_PROJECT_VERSION = 1;
				DEVELOPMENT_ASSET_PATHS = "\"Tiktok/Preview Content\"";
				ENABLE_PREVIEWS = YES;
				GENERATE_INFOPLIST_FILE = YES;
				INFOPLIST_KEY_UIApplicationSceneManifest_Generation = YES;
				INFOPLIST_KEY_UIApplicationSupportsIndirectInputEvents = YES;
				INFOPLIST_KEY_UILaunchScreen_Generation = YES;
				INFOPLIST_KEY_UISupportedInterfaceOrientations_iPad = "UIInterfaceOrientationPortrait UIInterfaceOrientationPortraitUpsideDown UIInterfaceOrientationLandscapeLeft UIInterfaceOrientationLandscapeRight";
				INFOPLIST_KEY_UISupportedInterfaceOrientations_iPhone = "UIInterfaceOrientationPortrait UIInterfaceOrientationLandscapeLeft UIInterfaceOrientationLandscapeRight";
				LD_RUNPATH_SEARCH_PATHS = (
					"$(inherited)",
					"@executable_path/Frameworks",
				);
				MARKETING_VERSION = 1.0;
				PRODUCT_BUNDLE_IDENTIFIER = com.yusufbgirgin.Tiktok;
				PRODUCT_NAME = "$(TARGET_NAME)";
				SWIFT_EMIT_LOC_STRINGS = YES;
				SWIFT_VERSION = 5.0;
				TARGETED_DEVICE_FAMILY = "1,2";
			};
			name = Release;
		};
		04F99DD62C56E1B2005F6CBD /* Debug */ = {
			isa = XCBuildConfiguration;
			buildSettings = {
				ALWAYS_EMBED_SWIFT_STANDARD_LIBRARIES = YES;
				BUNDLE_LOADER = "$(TEST_HOST)";
				CODE_SIGN_STYLE = Automatic;
				CURRENT_PROJECT_VERSION = 1;
				GENERATE_INFOPLIST_FILE = YES;
				IPHONEOS_DEPLOYMENT_TARGET = 17.5;
				MARKETING_VERSION = 1.0;
				PRODUCT_BUNDLE_IDENTIFIER = com.yusufbgirgin.TiktokTests;
				PRODUCT_NAME = "$(TARGET_NAME)";
				SWIFT_EMIT_LOC_STRINGS = NO;
				SWIFT_VERSION = 5.0;
				TARGETED_DEVICE_FAMILY = "1,2";
				TEST_HOST = "$(BUILT_PRODUCTS_DIR)/Tiktok.app/$(BUNDLE_EXECUTABLE_FOLDER_PATH)/Tiktok";
			};
			name = Debug;
		};
		04F99DD72C56E1B2005F6CBD /* Release */ = {
			isa = XCBuildConfiguration;
			buildSettings = {
				ALWAYS_EMBED_SWIFT_STANDARD_LIBRARIES = YES;
				BUNDLE_LOADER = "$(TEST_HOST)";
				CODE_SIGN_STYLE = Automatic;
				CURRENT_PROJECT_VERSION = 1;
				GENERATE_INFOPLIST_FILE = YES;
				IPHONEOS_DEPLOYMENT_TARGET = 17.5;
				MARKETING_VERSION = 1.0;
				PRODUCT_BUNDLE_IDENTIFIER = com.yusufbgirgin.TiktokTests;
				PRODUCT_NAME = "$(TARGET_NAME)";
				SWIFT_EMIT_LOC_STRINGS = NO;
				SWIFT_VERSION = 5.0;
				TARGETED_DEVICE_FAMILY = "1,2";
				TEST_HOST = "$(BUILT_PRODUCTS_DIR)/Tiktok.app/$(BUNDLE_EXECUTABLE_FOLDER_PATH)/Tiktok";
			};
			name = Release;
		};
		04F99DD92C56E1B2005F6CBD /* Debug */ = {
			isa = XCBuildConfiguration;
			buildSettings = {
				ALWAYS_EMBED_SWIFT_STANDARD_LIBRARIES = YES;
				CODE_SIGN_STYLE = Automatic;
				CURRENT_PROJECT_VERSION = 1;
				GENERATE_INFOPLIST_FILE = YES;
				MARKETING_VERSION = 1.0;
				PRODUCT_BUNDLE_IDENTIFIER = com.yusufbgirgin.TiktokUITests;
				PRODUCT_NAME = "$(TARGET_NAME)";
				SWIFT_EMIT_LOC_STRINGS = NO;
				SWIFT_VERSION = 5.0;
				TARGETED_DEVICE_FAMILY = "1,2";
				TEST_TARGET_NAME = Tiktok;
			};
			name = Debug;
		};
		04F99DDA2C56E1B2005F6CBD /* Release */ = {
			isa = XCBuildConfiguration;
			buildSettings = {
				ALWAYS_EMBED_SWIFT_STANDARD_LIBRARIES = YES;
				CODE_SIGN_STYLE = Automatic;
				CURRENT_PROJECT_VERSION = 1;
				GENERATE_INFOPLIST_FILE = YES;
				MARKETING_VERSION = 1.0;
				PRODUCT_BUNDLE_IDENTIFIER = com.yusufbgirgin.TiktokUITests;
				PRODUCT_NAME = "$(TARGET_NAME)";
				SWIFT_EMIT_LOC_STRINGS = NO;
				SWIFT_VERSION = 5.0;
				TARGETED_DEVICE_FAMILY = "1,2";
				TEST_TARGET_NAME = Tiktok;
			};
			name = Release;
		};
/* End XCBuildConfiguration section */

/* Begin XCConfigurationList section */
		04F99DA92C56E1B1005F6CBD /* Build configuration list for PBXProject "Tiktok" */ = {
			isa = XCConfigurationList;
			buildConfigurations = (
				04F99DD02C56E1B2005F6CBD /* Debug */,
				04F99DD12C56E1B2005F6CBD /* Release */,
			);
			defaultConfigurationIsVisible = 0;
			defaultConfigurationName = Release;
		};
		04F99DD22C56E1B2005F6CBD /* Build configuration list for PBXNativeTarget "Tiktok" */ = {
			isa = XCConfigurationList;
			buildConfigurations = (
				04F99DD32C56E1B2005F6CBD /* Debug */,
				04F99DD42C56E1B2005F6CBD /* Release */,
			);
			defaultConfigurationIsVisible = 0;
			defaultConfigurationName = Release;
		};
		04F99DD52C56E1B2005F6CBD /* Build configuration list for PBXNativeTarget "TiktokTests" */ = {
			isa = XCConfigurationList;
			buildConfigurations = (
				04F99DD62C56E1B2005F6CBD /* Debug */,
				04F99DD72C56E1B2005F6CBD /* Release */,
			);
			defaultConfigurationIsVisible = 0;
			defaultConfigurationName = Release;
		};
		04F99DD82C56E1B2005F6CBD /* Build configuration list for PBXNativeTarget "TiktokUITests" */ = {
			isa = XCConfigurationList;
			buildConfigurations = (
				04F99DD92C56E1B2005F6CBD /* Debug */,
				04F99DDA2C56E1B2005F6CBD /* Release */,
			);
			defaultConfigurationIsVisible = 0;
			defaultConfigurationName = Release;
		};
/* End XCConfigurationList section */
	};
	rootObject = 04F99DA62C56E1B1005F6CBD /* Project object */;
}
